
Microsoft Visual Studio Solution File, Format Version 11.00
# Visual Studio 2010
Project("{FAE04EC0-301F-11D3-BF4B-00C04F79EFBC}") = "fibonaccie", "fibonaccie\fibonaccie.csproj", "{5277B1AD-8590-4EBF-862E-5DB3C3B59AD6}"
EndProject
Global
	GlobalSection(SolutionConfigurationPlatforms) = preSolution
		Debug|x86 = Debug|x86
		Release|x86 = Release|x86
	EndGlobalSection
	GlobalSection(ProjectConfigurationPlatforms) = postSolution
		{5277B1AD-8590-4EBF-862E-5DB3C3B59AD6}.Debug|x86.ActiveCfg = Debug|x86
		{5277B1AD-8590-4EBF-862E-5DB3C3B59AD6}.Debug|x86.Build.0 = Debug|x86
		{5277B1AD-8590-4EBF-862E-5DB3C3B59AD6}.Release|x86.ActiveCfg = Release|x86
		{5277B1AD-8590-4EBF-862E-5DB3C3B59AD6}.Release|x86.Build.0 = Release|x86
	EndGlobalSection
	GlobalSection(SolutionProperties) = preSolution
		HideSolutionNode = FALSE
	EndGlobalSection
EndGlobal
